
Microsoft Visual Studio Solution File, Format Version 12.00
# Visual Studio Version 17
VisualStudioVersion = 17.1.32421.90
MinimumVisualStudioVersion = 10.0.40219.1
Project("{FAE04EC0-301F-11D3-BF4B-00C04F79EFBC}") = "csharp-snacks-2", "csharp-snacks-2.csproj", "{F22E66FC-4148-4178-ABDF-4A9590438862}"
EndProject
Global
	GlobalSection(SolutionConfigurationPlatforms) = preSolution
		Debug|Any CPU = Debug|Any CPU
		Release|Any CPU = Release|Any CPU
	EndGlobalSection
	GlobalSection(ProjectConfigurationPlatforms) = postSolution
		{F22E66FC-4148-4178-ABDF-4A9590438862}.Debug|Any CPU.ActiveCfg = Debug|Any CPU
		{F22E66FC-4148-4178-ABDF-4A9590438862}.Debug|Any CPU.Build.0 = Debug|Any CPU
		{F22E66FC-4148-4178-ABDF-4A9590438862}.Release|Any CPU.ActiveCfg = Release|Any CPU
		{F22E66FC-4148-4178-ABDF-4A9590438862}.Release|Any CPU.Build.0 = Release|Any CPU
	EndGlobalSection
	GlobalSection(SolutionProperties) = preSolution
		HideSolutionNode = FALSE
	EndGlobalSection
	GlobalSection(ExtensibilityGlobals) = postSolution
		SolutionGuid = {2A1C9244-D415-41D9-AC89-B2F429FEEF5E}
	EndGlobalSection
EndGlobal
